// !$*UTF8*$!
{
	archiveVersion = 1;
	classes = {
	};
	objectVersion = 50;
	objects = {

/* Begin PBXBuildFile section */
		553366C62204898800A67647 /* ObjectDetection_CoreMLTests.swift in Sources */ = {isa = PBXBuildFile; fileRef = 553366C52204898800A67647 /* ObjectDetection_CoreMLTests.swift */; };
		553366CF220489DD00A67647 /* UIImage+CVPixelBuffer.swift in Sources */ = {isa = PBXBuildFile; fileRef = 553366CE220489DD00A67647 /* UIImage+CVPixelBuffer.swift */; };
		554F149C220362AB00B828B0 /* AppDelegate.swift in Sources */ = {isa = PBXBuildFile; fileRef = 554F149B220362AB00B828B0 /* AppDelegate.swift */; };
		554F149E220362AB00B828B0 /* ViewController.swift in Sources */ = {isa = PBXBuildFile; fileRef = 554F149D220362AB00B828B0 /* ViewController.swift */; };
		554F14A1220362AB00B828B0 /* Main.storyboard in Resources */ = {isa = PBXBuildFile; fileRef = 554F149F220362AB00B828B0 /* Main.storyboard */; };
		554F14A3220362AC00B828B0 /* Assets.xcassets in Resources */ = {isa = PBXBuildFile; fileRef = 554F14A2220362AC00B828B0 /* Assets.xcassets */; };
		554F14A6220362AC00B828B0 /* LaunchScreen.storyboard in Resources */ = {isa = PBXBuildFile; fileRef = 554F14A4220362AC00B828B0 /* LaunchScreen.storyboard */; };
		554F14AE220362DA00B828B0 /* VideoCapture.swift in Sources */ = {isa = PBXBuildFile; fileRef = 554F14AD220362DA00B828B0 /* VideoCapture.swift */; };
		558918ED2208218800F182BA /* DrawingBoundingBoxView.swift in Sources */ = {isa = PBXBuildFile; fileRef = 558918EC2208218800F182BA /* DrawingBoundingBoxView.swift */; };
		558918EF22089FFE00F182BA /* Measure.swift in Sources */ = {isa = PBXBuildFile; fileRef = 558918EE22089FFE00F182BA /* Measure.swift */; };
		C427E6B228C5D85B001279AD /* UIImage+CVPixelBuffer.swift in Sources */ = {isa = PBXBuildFile; fileRef = 553366CE220489DD00A67647 /* UIImage+CVPixelBuffer.swift */; };
		C427E6C928C5DAF3001279AD /* IMG_8564.JPG in Resources */ = {isa = PBXBuildFile; fileRef = C427E6C828C5DAF3001279AD /* IMG_8564.JPG */; };
		C4946DC229E0D00200DC0E3C /* yolov8s.mlpackage in Sources */ = {isa = PBXBuildFile; fileRef = C4946DC129E0D00200DC0E3C /* yolov8s.mlpackage */; };
/* End PBXBuildFile section */

/* Begin PBXContainerItemProxy section */
		553366C82204898800A67647 /* PBXContainerItemProxy */ = {
			isa = PBXContainerItemProxy;
			containerPortal = 554F1490220362AB00B828B0 /* Project object */;
			proxyType = 1;
			remoteGlobalIDString = 554F1497220362AB00B828B0;
			remoteInfo = "SSDMobileNet-CoreML";
		};
/* End PBXContainerItemProxy section */

/* Begin PBXFileReference section */
		553366C32204898800A67647 /* ObjectDetection-CoreMLTests.xctest */ = {isa = PBXFileReference; explicitFileType = wrapper.cfbundle; includeInIndex = 0; path = "ObjectDetection-CoreMLTests.xctest"; sourceTree = BUILT_PRODUCTS_DIR; };
		553366C52204898800A67647 /* ObjectDetection_CoreMLTests.swift */ = {isa = PBXFileReference; lastKnownFileType = sourcecode.swift; path = ObjectDetection_CoreMLTests.swift; sourceTree = "<group>"; };
		553366C72204898800A67647 /* Info.plist */ = {isa = PBXFileReference; lastKnownFileType = text.plist.xml; path = Info.plist; sourceTree = "<group>"; };
		553366CE220489DD00A67647 /* UIImage+CVPixelBuffer.swift */ = {isa = PBXFileReference; fileEncoding = 4; lastKnownFileType = sourcecode.swift; path = "UIImage+CVPixelBuffer.swift"; sourceTree = "<group>"; };
		554F1498220362AB00B828B0 /* ObjectDetection-CoreML.app */ = {isa = PBXFileReference; explicitFileType = wrapper.application; includeInIndex = 0; path = "ObjectDetection-CoreML.app"; sourceTree = BUILT_PRODUCTS_DIR; };
		554F149B220362AB00B828B0 /* AppDelegate.swift */ = {isa = PBXFileReference; lastKnownFileType = sourcecode.swift; path = AppDelegate.swift; sourceTree = "<group>"; };
		554F149D220362AB00B828B0 /* ViewController.swift */ = {isa = PBXFileReference; lastKnownFileType = sourcecode.swift; path = ViewController.swift; sourceTree = "<group>"; };
		554F14A0220362AB00B828B0 /* Base */ = {isa = PBXFileReference; lastKnownFileType = file.storyboard; name = Base; path = Base.lproj/Main.storyboard; sourceTree = "<group>"; };
		554F14A2220362AC00B828B0 /* Assets.xcassets */ = {isa = PBXFileReference; lastKnownFileType = folder.assetcatalog; path = Assets.xcassets; sourceTree = "<group>"; };
		554F14A5220362AC00B828B0 /* Base */ = {isa = PBXFileReference; lastKnownFileType = file.storyboard; name = Base; path = Base.lproj/LaunchScreen.storyboard; sourceTree = "<group>"; };
		554F14A7220362AC00B828B0 /* Info.plist */ = {isa = PBXFileReference; lastKnownFileType = text.plist.xml; path = Info.plist; sourceTree = "<group>"; };
		554F14AD220362DA00B828B0 /* VideoCapture.swift */ = {isa = PBXFileReference; fileEncoding = 4; lastKnownFileType = sourcecode.swift; path = VideoCapture.swift; sourceTree = "<group>"; };
		558918EC2208218800F182BA /* DrawingBoundingBoxView.swift */ = {isa = PBXFileReference; lastKnownFileType = sourcecode.swift; path = DrawingBoundingBoxView.swift; sourceTree = "<group>"; };
		558918EE22089FFE00F182BA /* Measure.swift */ = {isa = PBXFileReference; fileEncoding = 4; lastKnownFileType = sourcecode.swift; path = Measure.swift; sourceTree = "<group>"; };
		C427E6C828C5DAF3001279AD /* IMG_8564.JPG */ = {isa = PBXFileReference; lastKnownFileType = image.jpeg; path = IMG_8564.JPG; sourceTree = "<group>"; };
		C4946DC129E0D00200DC0E3C /* yolov8s.mlpackage */ = {isa = PBXFileReference; lastKnownFileType = folder.mlpackage; path = yolov8s.mlpackage; sourceTree = "<group>"; };
/* End PBXFileReference section */

/* Begin PBXFrameworksBuildPhase section */
		553366C02204898800A67647 /* Frameworks */ = {
			isa = PBXFrameworksBuildPhase;
			buildActionMask = 2147483647;
			files = (
			);
			runOnlyForDeploymentPostprocessing = 0;
		};
		554F1495220362AB00B828B0 /* Frameworks */ = {
			isa = PBXFrameworksBuildPhase;
			buildActionMask = 2147483647;
			files = (
			);
			runOnlyForDeploymentPostprocessing = 0;
		};
/* End PBXFrameworksBuildPhase section */

/* Begin PBXGroup section */
		553366C42204898800A67647 /* ObjectDetection-CoreMLTests */ = {
			isa = PBXGroup;
			children = (
				553366C52204898800A67647 /* ObjectDetection_CoreMLTests.swift */,
				C427E6C828C5DAF3001279AD /* IMG_8564.JPG */,
				553366C72204898800A67647 /* Info.plist */,
			);
			path = "ObjectDetection-CoreMLTests";
			sourceTree = "<group>";
		};
		554F148F220362AB00B828B0 = {
			isa = PBXGroup;
			children = (
				554F149A220362AB00B828B0 /* ObjectDetection-CoreML */,
				553366C42204898800A67647 /* ObjectDetection-CoreMLTests */,
				554F1499220362AB00B828B0 /* Products */,
			);
			sourceTree = "<group>";
		};
		554F1499220362AB00B828B0 /* Products */ = {
			isa = PBXGroup;
			children = (
				554F1498220362AB00B828B0 /* ObjectDetection-CoreML.app */,
				553366C32204898800A67647 /* ObjectDetection-CoreMLTests.xctest */,
			);
			name = Products;
			sourceTree = "<group>";
		};
		554F149A220362AB00B828B0 /* ObjectDetection-CoreML */ = {
			isa = PBXGroup;
			children = (
				554F149F220362AB00B828B0 /* Main.storyboard */,
				554F149B220362AB00B828B0 /* AppDelegate.swift */,
				554F149D220362AB00B828B0 /* ViewController.swift */,
				558918EC2208218800F182BA /* DrawingBoundingBoxView.swift */,
				71B8322322E2B0BC00207D05 /* ultils */,
				71B8322222E2B0B200207D05 /* mlmodel */,
				554F14A2220362AC00B828B0 /* Assets.xcassets */,
				554F14A4220362AC00B828B0 /* LaunchScreen.storyboard */,
				554F14A7220362AC00B828B0 /* Info.plist */,
			);
			path = "ObjectDetection-CoreML";
			sourceTree = "<group>";
		};
		71B8322222E2B0B200207D05 /* mlmodel */ = {
			isa = PBXGroup;
			children = (
				C4946DC129E0D00200DC0E3C /* yolov8s.mlpackage */,
			);
			path = mlmodel;
			sourceTree = "<group>";
		};
		71B8322322E2B0BC00207D05 /* ultils */ = {
			isa = PBXGroup;
			children = (
				554F14AD220362DA00B828B0 /* VideoCapture.swift */,
				558918EE22089FFE00F182BA /* Measure.swift */,
				553366CE220489DD00A67647 /* UIImage+CVPixelBuffer.swift */,
			);
			path = ultils;
			sourceTree = "<group>";
		};
/* End PBXGroup section */

/* Begin PBXNativeTarget section */
		553366C22204898800A67647 /* ObjectDetection-CoreMLTests */ = {
			isa = PBXNativeTarget;
			buildConfigurationList = 553366CA2204898800A67647 /* Build configuration list for PBXNativeTarget "ObjectDetection-CoreMLTests" */;
			buildPhases = (
				553366BF2204898800A67647 /* Sources */,
				553366C02204898800A67647 /* Frameworks */,
				553366C12204898800A67647 /* Resources */,
			);
			buildRules = (
			);
			dependencies = (
				553366C92204898800A67647 /* PBXTargetDependency */,
			);
			name = "ObjectDetection-CoreMLTests";
			productName = "SSDMobileNet-CoreMLTests";
			productReference = 553366C32204898800A67647 /* ObjectDetection-CoreMLTests.xctest */;
			productType = "com.apple.product-type.bundle.unit-test";
		};
		554F1497220362AB00B828B0 /* ObjectDetection-CoreML */ = {
			isa = PBXNativeTarget;
			buildConfigurationList = 554F14AA220362AC00B828B0 /* Build configuration list for PBXNativeTarget "ObjectDetection-CoreML" */;
			buildPhases = (
				554F1494220362AB00B828B0 /* Sources */,
				554F1495220362AB00B828B0 /* Frameworks */,
				554F1496220362AB00B828B0 /* Resources */,
			);
			buildRules = (
			);
			dependencies = (
			);
			name = "ObjectDetection-CoreML";
			productName = "SSDMobileNet-CoreML";
			productReference = 554F1498220362AB00B828B0 /* ObjectDetection-CoreML.app */;
			productType = "com.apple.product-type.application";
		};
/* End PBXNativeTarget section */

/* Begin PBXProject section */
		554F1490220362AB00B828B0 /* Project object */ = {
			isa = PBXProject;
			attributes = {
				LastSwiftUpdateCheck = 1010;
				LastUpgradeCheck = 1010;
				ORGANIZATIONNAME = tucan9389;
				TargetAttributes = {
					553366C22204898800A67647 = {
						CreatedOnToolsVersion = 10.1;
						TestTargetID = 554F1497220362AB00B828B0;
					};
					554F1497220362AB00B828B0 = {
						CreatedOnToolsVersion = 10.1;
					};
				};
			};
			buildConfigurationList = 554F1493220362AB00B828B0 /* Build configuration list for PBXProject "ObjectDetection-CoreML" */;
			compatibilityVersion = "Xcode 9.3";
			developmentRegion = en;
			hasScannedForEncodings = 0;
			knownRegions = (
				en,
				Base,
			);
			mainGroup = 554F148F220362AB00B828B0;
			productRefGroup = 554F1499220362AB00B828B0 /* Products */;
			projectDirPath = "";
			projectRoot = "";
			targets = (
				554F1497220362AB00B828B0 /* ObjectDetection-CoreML */,
				553366C22204898800A67647 /* ObjectDetection-CoreMLTests */,
			);
		};
/* End PBXProject section */

/* Begin PBXResourcesBuildPhase section */
		553366C12204898800A67647 /* Resources */ = {
			isa = PBXResourcesBuildPhase;
			buildActionMask = 2147483647;
			files = (
				C427E6C928C5DAF3001279AD /* IMG_8564.JPG in Resources */,
			);
			runOnlyForDeploymentPostprocessing = 0;
		};
		554F1496220362AB00B828B0 /* Resources */ = {
			isa = PBXResourcesBuildPhase;
			buildActionMask = 2147483647;
			files = (
				554F14A6220362AC00B828B0 /* LaunchScreen.storyboard in Resources */,
				554F14A3220362AC00B828B0 /* Assets.xcassets in Resources */,
				554F14A1220362AB00B828B0 /* Main.storyboard in Resources */,
			);
			runOnlyForDeploymentPostprocessing = 0;
		};
/* End PBXResourcesBuildPhase section */

/* Begin PBXSourcesBuildPhase section */
		553366BF2204898800A67647 /* Sources */ = {
			isa = PBXSourcesBuildPhase;
			buildActionMask = 2147483647;
			files = (
				553366C62204898800A67647 /* ObjectDetection_CoreMLTests.swift in Sources */,
				C427E6B228C5D85B001279AD /* UIImage+CVPixelBuffer.swift in Sources */,
			);
			runOnlyForDeploymentPostprocessing = 0;
		};
		554F1494220362AB00B828B0 /* Sources */ = {
			isa = PBXSourcesBuildPhase;
			buildActionMask = 2147483647;
			files = (
				C4946DC229E0D00200DC0E3C /* yolov8s.mlpackage in Sources */,
				554F149E220362AB00B828B0 /* ViewController.swift in Sources */,
				558918EF22089FFE00F182BA /* Measure.swift in Sources */,
				558918ED2208218800F182BA /* DrawingBoundingBoxView.swift in Sources */,
				553366CF220489DD00A67647 /* UIImage+CVPixelBuffer.swift in Sources */,
				554F14AE220362DA00B828B0 /* VideoCapture.swift in Sources */,
				554F149C220362AB00B828B0 /* AppDelegate.swift in Sources */,
			);
			runOnlyForDeploymentPostprocessing = 0;
		};
/* End PBXSourcesBuildPhase section */

/* Begin PBXTargetDependency section */
		553366C92204898800A67647 /* PBXTargetDependency */ = {
			isa = PBXTargetDependency;
			target = 554F1497220362AB00B828B0 /* ObjectDetection-CoreML */;
			targetProxy = 553366C82204898800A67647 /* PBXContainerItemProxy */;
		};
/* End PBXTargetDependency section */

/* Begin PBXVariantGroup section */
		554F149F220362AB00B828B0 /* Main.storyboard */ = {
			isa = PBXVariantGroup;
			children = (
				554F14A0220362AB00B828B0 /* Base */,
			);
			name = Main.storyboard;
			sourceTree = "<group>";
		};
		554F14A4220362AC00B828B0 /* LaunchScreen.storyboard */ = {
			isa = PBXVariantGroup;
			children = (
				554F14A5220362AC00B828B0 /* Base */,
			);
			name = LaunchScreen.storyboard;
			sourceTree = "<group>";
		};
/* End PBXVariantGroup section */

/* Begin XCBuildConfiguration section */
		553366CB2204898800A67647 /* Debug */ = {
			isa = XCBuildConfiguration;
			buildSettings = {
				BUNDLE_LOADER = "$(TEST_HOST)";
				CODE_SIGN_STYLE = Automatic;
				DEVELOPMENT_TEAM = 5WXJ4Z4H69;
				INFOPLIST_FILE = "ObjectDetection-CoreMLTests/Info.plist";
				LD_RUNPATH_SEARCH_PATHS = (
					"$(inherited)",
					"@executable_path/Frameworks",
					"@loader_path/Frameworks",
				);
				PRODUCT_BUNDLE_IDENTIFIER = "com.tucan9389.SSDMobileNet-CoreMLTests";
				PRODUCT_NAME = "$(TARGET_NAME)";
				SWIFT_VERSION = 4.2;
				TARGETED_DEVICE_FAMILY = "1,2";
				TEST_HOST = "$(BUILT_PRODUCTS_DIR)/ObjectDetection-CoreML.app/ObjectDetection-CoreML";
			};
			name = Debug;
		};
		553366CC2204898800A67647 /* Release */ = {
			isa = XCBuildConfiguration;
			buildSettings = {
				BUNDLE_LOADER = "$(TEST_HOST)";
				CODE_SIGN_STYLE = Automatic;
				DEVELOPMENT_TEAM = 5WXJ4Z4H69;
				INFOPLIST_FILE = "ObjectDetection-CoreMLTests/Info.plist";
				LD_RUNPATH_SEARCH_PATHS = (
					"$(inherited)",
					"@executable_path/Frameworks",
					"@loader_path/Frameworks",
				);
				PRODUCT_BUNDLE_IDENTIFIER = "com.tucan9389.SSDMobileNet-CoreMLTests";
				PRODUCT_NAME = "$(TARGET_NAME)";
				SWIFT_VERSION = 4.2;
				TARGETED_DEVICE_FAMILY = "1,2";
				TEST_HOST = "$(BUILT_PRODUCTS_DIR)/ObjectDetection-CoreML.app/ObjectDetection-CoreML";
			};
			name = Release;
		};
		554F14A8220362AC00B828B0 /* Debug */ = {
			isa = XCBuildConfiguration;
			buildSettings = {
				ALWAYS_SEARCH_USER_PATHS = NO;
				CLANG_ANALYZER_NONNULL = YES;
				CLANG_ANALYZER_NUMBER_OBJECT_CONVERSION = YES_AGGRESSIVE;
				CLANG_CXX_LANGUAGE_STANDARD = "gnu++14";
				CLANG_CXX_LIBRARY = "libc++";
				CLANG_ENABLE_MODULES = YES;
				CLANG_ENABLE_OBJC_ARC = YES;
				CLANG_ENABLE_OBJC_WEAK = YES;
				CLANG_WARN_BLOCK_CAPTURE_AUTORELEASING = YES;
				CLANG_WARN_BOOL_CONVERSION = YES;
				CLANG_WARN_COMMA = YES;
				CLANG_WARN_CONSTANT_CONVERSION = YES;
				CLANG_WARN_DEPRECATED_OBJC_IMPLEMENTATIONS = YES;
				CLANG_WARN_DIRECT_OBJC_ISA_USAGE = YES_ERROR;
				CLANG_WARN_DOCUMENTATION_COMMENTS = YES;
				CLANG_WARN_EMPTY_BODY = YES;
				CLANG_WARN_ENUM_CONVERSION = YES;
				CLANG_WARN_INFINITE_RECURSION = YES;
				CLANG_WARN_INT_CONVERSION = YES;
				CLANG_WARN_NON_LITERAL_NULL_CONVERSION = YES;
				CLANG_WARN_OBJC_IMPLICIT_RETAIN_SELF = YES;
				CLANG_WARN_OBJC_LITERAL_CONVERSION = YES;
				CLANG_WARN_OBJC_ROOT_CLASS = YES_ERROR;
				CLANG_WARN_RANGE_LOOP_ANALYSIS = YES;
				CLANG_WARN_STRICT_PROTOTYPES = YES;
				CLANG_WARN_SUSPICIOUS_MOVE = YES;
				CLANG_WARN_UNGUARDED_AVAILABILITY = YES_AGGRESSIVE;
				CLANG_WARN_UNREACHABLE_CODE = YES;
				CLANG_WARN__DUPLICATE_METHOD_MATCH = YES;
				CODE_SIGN_IDENTITY = "iPhone Developer";
				COPY_PHASE_STRIP = NO;
				DEBUG_INFORMATION_FORMAT = dwarf;
				ENABLE_STRICT_OBJC_MSGSEND = YES;
				ENABLE_TESTABILITY = YES;
				GCC_C_LANGUAGE_STANDARD = gnu11;
				GCC_DYNAMIC_NO_PIC = NO;
				GCC_NO_COMMON_BLOCKS = YES;
				GCC_OPTIMIZATION_LEVEL = 0;
				GCC_PREPROCESSOR_DEFINITIONS = (
					"DEBUG=1",
					"$(inherited)",
				);
				GCC_WARN_64_TO_32_BIT_CONVERSION = YES;
				GCC_WARN_ABOUT_RETURN_TYPE = YES_ERROR;
				GCC_WARN_UNDECLARED_SELECTOR = YES;
				GCC_WARN_UNINITIALIZED_AUTOS = YES_AGGRESSIVE;
				GCC_WARN_UNUSED_FUNCTION = YES;
				GCC_WARN_UNUSED_VARIABLE = YES;
				IPHONEOS_DEPLOYMENT_TARGET = 13.0;
				MTL_ENABLE_DEBUG_INFO = INCLUDE_SOURCE;
				MTL_FAST_MATH = YES;
				ONLY_ACTIVE_ARCH = YES;
				SDKROOT = iphoneos;
				SWIFT_ACTIVE_COMPILATION_CONDITIONS = DEBUG;
				SWIFT_OPTIMIZATION_LEVEL = "-Onone";
			};
			name = Debug;
		};
		554F14A9220362AC00B828B0 /* Release */ = {
			isa = XCBuildConfiguration;
			buildSettings = {
				ALWAYS_SEARCH_USER_PATHS = NO;
				CLANG_ANALYZER_NONNULL = YES;
				CLANG_ANALYZER_NUMBER_OBJECT_CONVERSION = YES_AGGRESSIVE;
				CLANG_CXX_LANGUAGE_STANDARD = "gnu++14";
				CLANG_CXX_LIBRARY = "libc++";
				CLANG_ENABLE_MODULES = YES;
				CLANG_ENABLE_OBJC_ARC = YES;
				CLANG_ENABLE_OBJC_WEAK = YES;
				CLANG_WARN_BLOCK_CAPTURE_AUTORELEASING = YES;
				CLANG_WARN_BOOL_CONVERSION = YES;
				CLANG_WARN_COMMA = YES;
				CLANG_WARN_CONSTANT_CONVERSION = YES;
				CLANG_WARN_DEPRECATED_OBJC_IMPLEMENTATIONS = YES;
				CLANG_WARN_DIRECT_OBJC_ISA_USAGE = YES_ERROR;
				CLANG_WARN_DOCUMENTATION_COMMENTS = YES;
				CLANG_WARN_EMPTY_BODY = YES;
				CLANG_WARN_ENUM_CONVERSION = YES;
				CLANG_WARN_INFINITE_RECURSION = YES;
				CLANG_WARN_INT_CONVERSION = YES;
				CLANG_WARN_NON_LITERAL_NULL_CONVERSION = YES;
				CLANG_WARN_OBJC_IMPLICIT_RETAIN_SELF = YES;
				CLANG_WARN_OBJC_LITERAL_CONVERSION = YES;
				CLANG_WARN_OBJC_ROOT_CLASS = YES_ERROR;
				CLANG_WARN_RANGE_LOOP_ANALYSIS = YES;
				CLANG_WARN_STRICT_PROTOTYPES = YES;
				CLANG_WARN_SUSPICIOUS_MOVE = YES;
				CLANG_WARN_UNGUARDED_AVAILABILITY = YES_AGGRESSIVE;
				CLANG_WARN_UNREACHABLE_CODE = YES;
				CLANG_WARN__DUPLICATE_METHOD_MATCH = YES;
				CODE_SIGN_IDENTITY = "iPhone Developer";
				COPY_PHASE_STRIP = NO;
				DEBUG_INFORMATION_FORMAT = "dwarf-with-dsym";
				ENABLE_NS_ASSERTIONS = NO;
				ENABLE_STRICT_OBJC_MSGSEND = YES;
				GCC_C_LANGUAGE_STANDARD = gnu11;
				GCC_NO_COMMON_BLOCKS = YES;
				GCC_WARN_64_TO_32_BIT_CONVERSION = YES;
				GCC_WARN_ABOUT_RETURN_TYPE = YES_ERROR;
				GCC_WARN_UNDECLARED_SELECTOR = YES;
				GCC_WARN_UNINITIALIZED_AUTOS = YES_AGGRESSIVE;
				GCC_WARN_UNUSED_FUNCTION = YES;
				GCC_WARN_UNUSED_VARIABLE = YES;
				IPHONEOS_DEPLOYMENT_TARGET = 13.0;
				MTL_ENABLE_DEBUG_INFO = NO;
				MTL_FAST_MATH = YES;
				SDKROOT = iphoneos;
				SWIFT_COMPILATION_MODE = wholemodule;
				SWIFT_OPTIMIZATION_LEVEL = "-O";
				VALIDATE_PRODUCT = YES;
			};
			name = Release;
		};
		554F14AB220362AC00B828B0 /* Debug */ = {
			isa = XCBuildConfiguration;
			buildSettings = {
				ASSETCATALOG_COMPILER_APPICON_NAME = AppIcon;
				CODE_SIGN_STYLE = Automatic;
				DEVELOPMENT_TEAM = 5WXJ4Z4H69;
				GCC_OPTIMIZATION_LEVEL = 0;
				INFOPLIST_FILE = "ObjectDetection-CoreML/Info.plist";
				IPHONEOS_DEPLOYMENT_TARGET = 14.0;
				LD_RUNPATH_SEARCH_PATHS = (
					"$(inherited)",
					"@executable_path/Frameworks",
				);
				PRODUCT_BUNDLE_IDENTIFIER = "com.tucan9389.ObjectDetection-CoreML";
				PRODUCT_NAME = "$(TARGET_NAME)";
				SWIFT_VERSION = 4.2;
				TARGETED_DEVICE_FAMILY = "1,2";
			};
			name = Debug;
		};
		554F14AC220362AC00B828B0 /* Release */ = {
			isa = XCBuildConfiguration;
			buildSettings = {
				ASSETCATALOG_COMPILER_APPICON_NAME = AppIcon;
				CODE_SIGN_STYLE = Automatic;
				DEVELOPMENT_TEAM = 5WXJ4Z4H69;
				INFOPLIST_FILE = "ObjectDetection-CoreML/Info.plist";
				IPHONEOS_DEPLOYMENT_TARGET = 14.0;
				LD_RUNPATH_SEARCH_PATHS = (
					"$(inherited)",
					"@executable_path/Frameworks",
				);
				PRODUCT_BUNDLE_IDENTIFIER = "com.tucan9389.ObjectDetection-CoreML";
				PRODUCT_NAME = "$(TARGET_NAME)";
				SWIFT_VERSION = 4.2;
				TARGETED_DEVICE_FAMILY = "1,2";
			};
			name = Release;
		};
/* End XCBuildConfiguration section */

/* Begin XCConfigurationList section */
		553366CA2204898800A67647 /* Build configuration list for PBXNativeTarget "ObjectDetection-CoreMLTests" */ = {
			isa = XCConfigurationList;
			buildConfigurations = (
				553366CB2204898800A67647 /* Debug */,
				553366CC2204898800A67647 /* Release */,
			);
			defaultConfigurationIsVisible = 0;
			defaultConfigurationName = Release;
		};
		554F1493220362AB00B828B0 /* Build configuration list for PBXProject "ObjectDetection-CoreML" */ = {
			isa = XCConfigurationList;
			buildConfigurations = (
				554F14A8220362AC00B828B0 /* Debug */,
				554F14A9220362AC00B828B0 /* Release */,
			);
			defaultConfigurationIsVisible = 0;
			defaultConfigurationName = Release;
		};
		554F14AA220362AC00B828B0 /* Build configuration list for PBXNativeTarget "ObjectDetection-CoreML" */ = {
			isa = XCConfigurationList;
			buildConfigurations = (
				554F14AB220362AC00B828B0 /* Debug */,
				554F14AC220362AC00B828B0 /* Release */,
			);
			defaultConfigurationIsVisible = 0;
			defaultConfigurationName = Release;
		};
/* End XCConfigurationList section */
	};
	rootObject = 554F1490220362AB00B828B0 /* Project object */;
}
